# This file was autogenerated by Stack.
# You should not edit this file by hand.
# For more information, please see the documentation at:
#   https://docs.haskellstack.org/en/stable/lock_files

packages:
- completed:
    commit: 3a0ba47cfa5e784a12b928be5a64027281a81cdd
    git: https://github.com/10Pines/pdepreludat.git
    name: pdeprelude
    pantry-tree:
      sha256: d0cfc2c3c6644f2a5bd027169711026c1403fb2f0946203b94dae0ccf7143f4d
      size: 2688
    version: 0.2.0.0
  original:
    commit: 3a0ba47cfa5e784a12b928be5a64027281a81cdd
    git: https://github.com/10Pines/pdepreludat.git
snapshots:
- completed:
    sha256: 6f0bea3ba5b07360f25bc886e8cff8d847767557a492a6f7f6dcb06e3cc79ee9
    size: 712905
    url: https://raw.githubusercontent.com/commercialhaskell/stackage-snapshots/master/lts/22/13.yaml
  original: lts-22.13
